// !$*UTF8*$!
{
	archiveVersion = 1;
	classes = {
	};
	objectVersion = 77;
	objects = {

/* Begin PBXBuildFile section */
		DA31DF242F4F633B008767DD /* AVKit.framework in Frameworks */ = {isa = PBXBuildFile; fileRef = DA31DF002F4F633B008767DD /* AVKit.framework */; };
		DA31DF252F4F633B008767DD /* CoreMedia.framework in Frameworks */ = {isa = PBXBuildFile; fileRef = DA31DF012F4F633B008767DD /* CoreMedia.framework */; };
		DA31DF262F4F633B008767DD /* CoreVideo.framework in Frameworks */ = {isa = PBXBuildFile; fileRef = DA31DF022F4F633B008767DD /* CoreVideo.framework */; };
		DA31DF272F4F633B008767DD /* CoreAudio.framework in Frameworks */ = {isa = PBXBuildFile; fileRef = DA31DF032F4F633B008767DD /* CoreAudio.framework */; };
		DA31DF282F4F633B008767DD /* AudioToolbox.framework in Frameworks */ = {isa = PBXBuildFile; fileRef = DA31DF042F4F633B008767DD /* AudioToolbox.framework */; };
		DA31DF292F4F633B008767DD /* VideoToolbox.framework in Frameworks */ = {isa = PBXBuildFile; fileRef = DA31DF052F4F633B008767DD /* VideoToolbox.framework */; };
		DA31DF2A2F4F633B008767DD /* CoreImage.framework in Frameworks */ = {isa = PBXBuildFile; fileRef = DA31DF062F4F633B008767DD /* CoreImage.framework */; };
		DA31DF2B2F4F633B008767DD /* CoreText.framework in Frameworks */ = {isa = PBXBuildFile; fileRef = DA31DF072F4F633B008767DD /* CoreText.framework */; };
		DA31DF2C2F4F633B008767DD /* QuartzCore.framework in Frameworks */ = {isa = PBXBuildFile; fileRef = DA31DF082F4F633B008767DD /* QuartzCore.framework */; };
		DA31DF2D2F4F633B008767DD /* Accelerate.framework in Frameworks */ = {isa = PBXBuildFile; fileRef = DA31DF092F4F633B008767DD /* Accelerate.framework */; };
		DA31DF2E2F4F633B008767DD /* Security.framework in Frameworks */ = {isa = PBXBuildFile; fileRef = DA31DF0A2F4F633B008767DD /* Security.framework */; };
		DA31DF2F2F4F633B008767DD /* SystemConfiguration.framework in Frameworks */ = {isa = PBXBuildFile; fileRef = DA31DF0B2F4F633B008767DD /* SystemConfiguration.framework */; };
		DA31DF302F4F633B008767DD /* libc++.tbd in Frameworks */ = {isa = PBXBuildFile; fileRef = DA31DF0C2F4F633B008767DD /* libc++.tbd */; };
		DA31DF312F4F633B008767DD /* libresolv.tbd in Frameworks */ = {isa = PBXBuildFile; fileRef = DA31DF0D2F4F633B008767DD /* libresolv.tbd */; };
		DA31DF322F4F633B008767DD /* libxml2.tbd in Frameworks */ = {isa = PBXBuildFile; fileRef = DA31DF0E2F4F633B008767DD /* libxml2.tbd */; };
		DA31DF332F4F633B008767DD /* libz.tbd in Frameworks */ = {isa = PBXBuildFile; fileRef = DA31DF0F2F4F633B008767DD /* libz.tbd */; };
		DA31DF342F4F633B008767DD /* libbz2.tbd in Frameworks */ = {isa = PBXBuildFile; fileRef = DA31DF102F4F633B008767DD /* libbz2.tbd */; };
		DA31DF352F4F633B008767DD /* libiconv.tbd in Frameworks */ = {isa = PBXBuildFile; fileRef = DA31DF112F4F633B008767DD /* libiconv.tbd */; };
		DA31E34D2F4F7182008767DD /* CinePlayerSDK.xcframework in Frameworks */ = {isa = PBXBuildFile; fileRef = DA31E33C2F4F7182008767DD /* CinePlayerSDK.xcframework */; };
		DA31E34E2F4F7182008767DD /* libbluray.xcframework in Frameworks */ = {isa = PBXBuildFile; fileRef = DA31E3422F4F7182008767DD /* libbluray.xcframework */; platformFilters = (ios, macos, xros, ); };
		DA31E34F2F4F7182008767DD /* libunibreak.xcframework in Frameworks */ = {isa = PBXBuildFile; fileRef = DA31E34C2F4F7182008767DD /* libunibreak.xcframework */; };
		DA31E3502F4F7182008767DD /* libass.xcframework in Frameworks */ = {isa = PBXBuildFile; fileRef = DA31E33D2F4F7182008767DD /* libass.xcframework */; };
		DA31E3512F4F7182008767DD /* libavformat.xcframework in Frameworks */ = {isa = PBXBuildFile; fileRef = DA31E3402F4F7182008767DD /* libavformat.xcframework */; };
		DA31E3522F4F7182008767DD /* CineFFmpeg.xcframework in Frameworks */ = {isa = PBXBuildFile; fileRef = DA31E33B2F4F7182008767DD /* CineFFmpeg.xcframework */; };
		DA31E3532F4F7182008767DD /* libharfbuzz.xcframework in Frameworks */ = {isa = PBXBuildFile; fileRef = DA31E3472F4F7182008767DD /* libharfbuzz.xcframework */; };
		DA31E3542F4F7182008767DD /* libfreetype.xcframework in Frameworks */ = {isa = PBXBuildFile; fileRef = DA31E3452F4F7182008767DD /* libfreetype.xcframework */; };
		DA31E3552F4F7182008767DD /* libdovi.xcframework in Frameworks */ = {isa = PBXBuildFile; fileRef = DA31E3442F4F7182008767DD /* libdovi.xcframework */; };
		DA31E3562F4F7182008767DD /* libavfilter.xcframework in Frameworks */ = {isa = PBXBuildFile; fileRef = DA31E33F2F4F7182008767DD /* libavfilter.xcframework */; };
		DA31E3572F4F7182008767DD /* libswscale.xcframework in Frameworks */ = {isa = PBXBuildFile; fileRef = DA31E3492F4F7182008767DD /* libswscale.xcframework */; };
		DA31E3582F4F7182008767DD /* libuavs3d.xcframework in Frameworks */ = {isa = PBXBuildFile; fileRef = DA31E34A2F4F7182008767DD /* libuavs3d.xcframework */; };
		DA31E3592F4F7182008767DD /* libswresample.xcframework in Frameworks */ = {isa = PBXBuildFile; fileRef = DA31E3482F4F7182008767DD /* libswresample.xcframework */; };
		DA31E35A2F4F7182008767DD /* libudfread.xcframework in Frameworks */ = {isa = PBXBuildFile; fileRef = DA31E34B2F4F7182008767DD /* libudfread.xcframework */; platformFilters = (ios, macos, xros, ); };
		DA31E35B2F4F7182008767DD /* libavutil.xcframework in Frameworks */ = {isa = PBXBuildFile; fileRef = DA31E3412F4F7182008767DD /* libavutil.xcframework */; };
		DA31E35C2F4F7182008767DD /* libdav1d.xcframework in Frameworks */ = {isa = PBXBuildFile; fileRef = DA31E3432F4F7182008767DD /* libdav1d.xcframework */; };
		DA31E35D2F4F7182008767DD /* libavcodec.xcframework in Frameworks */ = {isa = PBXBuildFile; fileRef = DA31E33E2F4F7182008767DD /* libavcodec.xcframework */; };
		DA31E35E2F4F7182008767DD /* libfribidi.xcframework in Frameworks */ = {isa = PBXBuildFile; fileRef = DA31E3462F4F7182008767DD /* libfribidi.xcframework */; };
		DA88E0E92FA45A710028FD87 /* RifeMetal in Frameworks */ = {isa = PBXBuildFile; productRef = DA88E0E82FA45A710028FD87 /* RifeMetal */; };
		DAA4A0012FCB000100000001 /* Anime4KMetal in Frameworks */ = {isa = PBXBuildFile; productRef = DAA4A0032FCB000100000001 /* Anime4KMetal */; };
/* End PBXBuildFile section */

/* Begin PBXCopyFilesBuildPhase section */
		DA31DE012F4F633B008767DD /* Embed Frameworks */ = {
			isa = PBXCopyFilesBuildPhase;
			buildActionMask = 2147483647;
			dstPath = "";
			dstSubfolderSpec = 10;
			files = (
			);
			name = "Embed Frameworks";
			runOnlyForDeploymentPostprocessing = 0;
		};
/* End PBXCopyFilesBuildPhase section */

/* Begin PBXFileReference section */
		DA31DD5C2F4F4375008767DD /* CinePlayer.app */ = {isa = PBXFileReference; explicitFileType = wrapper.application; includeInIndex = 0; path = CinePlayer.app; sourceTree = BUILT_PRODUCTS_DIR; };
		DA31DF002F4F633B008767DD /* AVKit.framework */ = {isa = PBXFileReference; lastKnownFileType = wrapper.framework; name = AVKit.framework; path = System/Library/Frameworks/AVKit.framework; sourceTree = SDKROOT; };
		DA31DF012F4F633B008767DD /* CoreMedia.framework */ = {isa = PBXFileReference; lastKnownFileType = wrapper.framework; name = CoreMedia.framework; path = System/Library/Frameworks/CoreMedia.framework; sourceTree = SDKROOT; };
		DA31DF022F4F633B008767DD /* CoreVideo.framework */ = {isa = PBXFileReference; lastKnownFileType = wrapper.framework; name = CoreVideo.framework; path = System/Library/Frameworks/CoreVideo.framework; sourceTree = SDKROOT; };
		DA31DF032F4F633B008767DD /* CoreAudio.framework */ = {isa = PBXFileReference; lastKnownFileType = wrapper.framework; name = CoreAudio.framework; path = System/Library/Frameworks/CoreAudio.framework; sourceTree = SDKROOT; };
		DA31DF042F4F633B008767DD /* AudioToolbox.framework */ = {isa = PBXFileReference; lastKnownFileType = wrapper.framework; name = AudioToolbox.framework; path = System/Library/Frameworks/AudioToolbox.framework; sourceTree = SDKROOT; };
		DA31DF052F4F633B008767DD /* VideoToolbox.framework */ = {isa = PBXFileReference; lastKnownFileType = wrapper.framework; name = VideoToolbox.framework; path = System/Library/Frameworks/VideoToolbox.framework; sourceTree = SDKROOT; };
		DA31DF062F4F633B008767DD /* CoreImage.framework */ = {isa = PBXFileReference; lastKnownFileType = wrapper.framework; name = CoreImage.framework; path = System/Library/Frameworks/CoreImage.framework; sourceTree = SDKROOT; };
		DA31DF072F4F633B008767DD /* CoreText.framework */ = {isa = PBXFileReference; lastKnownFileType = wrapper.framework; name = CoreText.framework; path = System/Library/Frameworks/CoreText.framework; sourceTree = SDKROOT; };
		DA31DF082F4F633B008767DD /* QuartzCore.framework */ = {isa = PBXFileReference; lastKnownFileType = wrapper.framework; name = QuartzCore.framework; path = System/Library/Frameworks/QuartzCore.framework; sourceTree = SDKROOT; };
		DA31DF092F4F633B008767DD /* Accelerate.framework */ = {isa = PBXFileReference; lastKnownFileType = wrapper.framework; name = Accelerate.framework; path = System/Library/Frameworks/Accelerate.framework; sourceTree = SDKROOT; };
		DA31DF0A2F4F633B008767DD /* Security.framework */ = {isa = PBXFileReference; lastKnownFileType = wrapper.framework; name = Security.framework; path = System/Library/Frameworks/Security.framework; sourceTree = SDKROOT; };
		DA31DF0B2F4F633B008767DD /* SystemConfiguration.framework */ = {isa = PBXFileReference; lastKnownFileType = wrapper.framework; name = SystemConfiguration.framework; path = System/Library/Frameworks/SystemConfiguration.framework; sourceTree = SDKROOT; };
		DA31DF0C2F4F633B008767DD /* libc++.tbd */ = {isa = PBXFileReference; lastKnownFileType = "sourcecode.text-based-dylib-definition"; name = "libc++.tbd"; path = "usr/lib/libc++.tbd"; sourceTree = SDKROOT; };
		DA31DF0D2F4F633B008767DD /* libresolv.tbd */ = {isa = PBXFileReference; lastKnownFileType = "sourcecode.text-based-dylib-definition"; name = libresolv.tbd; path = usr/lib/libresolv.tbd; sourceTree = SDKROOT; };
		DA31DF0E2F4F633B008767DD /* libxml2.tbd */ = {isa = PBXFileReference; lastKnownFileType = "sourcecode.text-based-dylib-definition"; name = libxml2.tbd; path = usr/lib/libxml2.tbd; sourceTree = SDKROOT; };
		DA31DF0F2F4F633B008767DD /* libz.tbd */ = {isa = PBXFileReference; lastKnownFileType = "sourcecode.text-based-dylib-definition"; name = libz.tbd; path = usr/lib/libz.tbd; sourceTree = SDKROOT; };
		DA31DF102F4F633B008767DD /* libbz2.tbd */ = {isa = PBXFileReference; lastKnownFileType = "sourcecode.text-based-dylib-definition"; name = libbz2.tbd; path = usr/lib/libbz2.tbd; sourceTree = SDKROOT; };
		DA31DF112F4F633B008767DD /* libiconv.tbd */ = {isa = PBXFileReference; lastKnownFileType = "sourcecode.text-based-dylib-definition"; name = libiconv.tbd; path = usr/lib/libiconv.tbd; sourceTree = SDKROOT; };
		DA31E33B2F4F7182008767DD /* CineFFmpeg.xcframework */ = {isa = PBXFileReference; lastKnownFileType = wrapper.xcframework; path = CineFFmpeg.xcframework; sourceTree = "<group>"; };
		DA31E33C2F4F7182008767DD /* CinePlayerSDK.xcframework */ = {isa = PBXFileReference; lastKnownFileType = wrapper.xcframework; path = CinePlayerSDK.xcframework; sourceTree = "<group>"; };
		DA31E33D2F4F7182008767DD /* libass.xcframework */ = {isa = PBXFileReference; lastKnownFileType = wrapper.xcframework; path = libass.xcframework; sourceTree = "<group>"; };
		DA31E33E2F4F7182008767DD /* libavcodec.xcframework */ = {isa = PBXFileReference; lastKnownFileType = wrapper.xcframework; path = libavcodec.xcframework; sourceTree = "<group>"; };
		DA31E33F2F4F7182008767DD /* libavfilter.xcframework */ = {isa = PBXFileReference; lastKnownFileType = wrapper.xcframework; path = libavfilter.xcframework; sourceTree = "<group>"; };
		DA31E3402F4F7182008767DD /* libavformat.xcframework */ = {isa = PBXFileReference; lastKnownFileType = wrapper.xcframework; path = libavformat.xcframework; sourceTree = "<group>"; };
		DA31E3412F4F7182008767DD /* libavutil.xcframework */ = {isa = PBXFileReference; lastKnownFileType = wrapper.xcframework; path = libavutil.xcframework; sourceTree = "<group>"; };
		DA31E3422F4F7182008767DD /* libbluray.xcframework */ = {isa = PBXFileReference; lastKnownFileType = wrapper.xcframework; path = libbluray.xcframework; sourceTree = "<group>"; };
		DA31E3432F4F7182008767DD /* libdav1d.xcframework */ = {isa = PBXFileReference; lastKnownFileType = wrapper.xcframework; path = libdav1d.xcframework; sourceTree = "<group>"; };
		DA31E3442F4F7182008767DD /* libdovi.xcframework */ = {isa = PBXFileReference; lastKnownFileType = wrapper.xcframework; path = libdovi.xcframework; sourceTree = "<group>"; };
		DA31E3452F4F7182008767DD /* libfreetype.xcframework */ = {isa = PBXFileReference; lastKnownFileType = wrapper.xcframework; path = libfreetype.xcframework; sourceTree = "<group>"; };
		DA31E3462F4F7182008767DD /* libfribidi.xcframework */ = {isa = PBXFileReference; lastKnownFileType = wrapper.xcframework; path = libfribidi.xcframework; sourceTree = "<group>"; };
		DA31E3472F4F7182008767DD /* libharfbuzz.xcframework */ = {isa = PBXFileReference; lastKnownFileType = wrapper.xcframework; path = libharfbuzz.xcframework; sourceTree = "<group>"; };
		DA31E3482F4F7182008767DD /* libswresample.xcframework */ = {isa = PBXFileReference; lastKnownFileType = wrapper.xcframework; path = libswresample.xcframework; sourceTree = "<group>"; };
		DA31E3492F4F7182008767DD /* libswscale.xcframework */ = {isa = PBXFileReference; lastKnownFileType = wrapper.xcframework; path = libswscale.xcframework; sourceTree = "<group>"; };
		DA31E34A2F4F7182008767DD /* libuavs3d.xcframework */ = {isa = PBXFileReference; lastKnownFileType = wrapper.xcframework; path = libuavs3d.xcframework; sourceTree = "<group>"; };
		DA31E34B2F4F7182008767DD /* libudfread.xcframework */ = {isa = PBXFileReference; lastKnownFileType = wrapper.xcframework; path = libudfread.xcframework; sourceTree = "<group>"; };
		DA31E34C2F4F7182008767DD /* libunibreak.xcframework */ = {isa = PBXFileReference; lastKnownFileType = wrapper.xcframework; path = libunibreak.xcframework; sourceTree = "<group>"; };
/* End PBXFileReference section */

/* Begin PBXFileSystemSynchronizedBuildFileExceptionSet section */
		DA31DD692F4F4376008767DD /* Exceptions for "CinePlayer" folder in "CinePlayer" target */ = {
			isa = PBXFileSystemSynchronizedBuildFileExceptionSet;
			membershipExceptions = (
				Info.plist,
			);
			target = DA31DD5B2F4F4375008767DD /* CinePlayer */;
		};
/* End PBXFileSystemSynchronizedBuildFileExceptionSet section */

/* Begin PBXFileSystemSynchronizedRootGroup section */
		DA31DD5E2F4F4375008767DD /* CinePlayer */ = {
			isa = PBXFileSystemSynchronizedRootGroup;
			exceptions = (
				DA31DD692F4F4376008767DD /* Exceptions for "CinePlayer" folder in "CinePlayer" target */,
			);
			path = CinePlayer;
			sourceTree = "<group>";
		};
/* End PBXFileSystemSynchronizedRootGroup section */

/* Begin PBXFrameworksBuildPhase section */
		DA31DD592F4F4375008767DD /* Frameworks */ = {
			isa = PBXFrameworksBuildPhase;
			buildActionMask = 2147483647;
			files = (
				DA31DF242F4F633B008767DD /* AVKit.framework in Frameworks */,
				DA31DF252F4F633B008767DD /* CoreMedia.framework in Frameworks */,
				DA31DF262F4F633B008767DD /* CoreVideo.framework in Frameworks */,
				DA31DF272F4F633B008767DD /* CoreAudio.framework in Frameworks */,
				DA31DF282F4F633B008767DD /* AudioToolbox.framework in Frameworks */,
				DA31DF292F4F633B008767DD /* VideoToolbox.framework in Frameworks */,
				DA31DF2A2F4F633B008767DD /* CoreImage.framework in Frameworks */,
				DA31E34D2F4F7182008767DD /* CinePlayerSDK.xcframework in Frameworks */,
				DA31E34E2F4F7182008767DD /* libbluray.xcframework in Frameworks */,
				DA31E34F2F4F7182008767DD /* libunibreak.xcframework in Frameworks */,
				DA31E3502F4F7182008767DD /* libass.xcframework in Frameworks */,
				DA31E3512F4F7182008767DD /* libavformat.xcframework in Frameworks */,
				DA31E3522F4F7182008767DD /* CineFFmpeg.xcframework in Frameworks */,
				DA31E3532F4F7182008767DD /* libharfbuzz.xcframework in Frameworks */,
				DA31E3542F4F7182008767DD /* libfreetype.xcframework in Frameworks */,
				DA31E3552F4F7182008767DD /* libdovi.xcframework in Frameworks */,
				DA88E0E92FA45A710028FD87 /* RifeMetal in Frameworks */,
				DAA4A0012FCB000100000001 /* Anime4KMetal in Frameworks */,
				DA31E3562F4F7182008767DD /* libavfilter.xcframework in Frameworks */,
				DA31E3572F4F7182008767DD /* libswscale.xcframework in Frameworks */,
				DA31E3582F4F7182008767DD /* libuavs3d.xcframework in Frameworks */,
				DA31E3592F4F7182008767DD /* libswresample.xcframework in Frameworks */,
				DA31E35A2F4F7182008767DD /* libudfread.xcframework in Frameworks */,
				DA31E35B2F4F7182008767DD /* libavutil.xcframework in Frameworks */,
				DA31E35C2F4F7182008767DD /* libdav1d.xcframework in Frameworks */,
				DA31E35D2F4F7182008767DD /* libavcodec.xcframework in Frameworks */,
				DA31E35E2F4F7182008767DD /* libfribidi.xcframework in Frameworks */,
				DA31DF2B2F4F633B008767DD /* CoreText.framework in Frameworks */,
				DA31DF2C2F4F633B008767DD /* QuartzCore.framework in Frameworks */,
				DA31DF2D2F4F633B008767DD /* Accelerate.framework in Frameworks */,
				DA31DF2E2F4F633B008767DD /* Security.framework in Frameworks */,
				DA31DF2F2F4F633B008767DD /* SystemConfiguration.framework in Frameworks */,
				DA31DF302F4F633B008767DD /* libc++.tbd in Frameworks */,
				DA31DF312F4F633B008767DD /* libresolv.tbd in Frameworks */,
				DA31DF322F4F633B008767DD /* libxml2.tbd in Frameworks */,
				DA31DF332F4F633B008767DD /* libz.tbd in Frameworks */,
				DA31DF342F4F633B008767DD /* libbz2.tbd in Frameworks */,
				DA31DF352F4F633B008767DD /* libiconv.tbd in Frameworks */,
			);
			runOnlyForDeploymentPostprocessing = 0;
		};
/* End PBXFrameworksBuildPhase section */

/* Begin PBXGroup section */
		DA31DD532F4F4375008767DD = {
			isa = PBXGroup;
			children = (
				DA31DE502F4F633B008767DD /* Frameworks */,
				DA31DD5E2F4F4375008767DD /* CinePlayer */,
				DA31DD5D2F4F4375008767DD /* Products */,
			);
			sourceTree = "<group>";
		};
		DA31DD5D2F4F4375008767DD /* Products */ = {
			isa = PBXGroup;
			children = (
				DA31DD5C2F4F4375008767DD /* CinePlayer.app */,
			);
			name = Products;
			sourceTree = "<group>";
		};
		DA31DE502F4F633B008767DD /* Frameworks */ = {
			isa = PBXGroup;
			children = (
				DA31E33B2F4F7182008767DD /* CineFFmpeg.xcframework */,
				DA31E33C2F4F7182008767DD /* CinePlayerSDK.xcframework */,
				DA31E33D2F4F7182008767DD /* libass.xcframework */,
				DA31E33E2F4F7182008767DD /* libavcodec.xcframework */,
				DA31E33F2F4F7182008767DD /* libavfilter.xcframework */,
				DA31E3402F4F7182008767DD /* libavformat.xcframework */,
				DA31E3412F4F7182008767DD /* libavutil.xcframework */,
				DA31E3422F4F7182008767DD /* libbluray.xcframework */,
				DA31E3432F4F7182008767DD /* libdav1d.xcframework */,
				DA31E3442F4F7182008767DD /* libdovi.xcframework */,
				DA31E3452F4F7182008767DD /* libfreetype.xcframework */,
				DA31E3462F4F7182008767DD /* libfribidi.xcframework */,
				DA31E3472F4F7182008767DD /* libharfbuzz.xcframework */,
				DA31E3482F4F7182008767DD /* libswresample.xcframework */,
				DA31E3492F4F7182008767DD /* libswscale.xcframework */,
				DA31E34A2F4F7182008767DD /* libuavs3d.xcframework */,
				DA31E34B2F4F7182008767DD /* libudfread.xcframework */,
				DA31E34C2F4F7182008767DD /* libunibreak.xcframework */,
				DA31DF002F4F633B008767DD /* AVKit.framework */,
				DA31DF012F4F633B008767DD /* CoreMedia.framework */,
				DA31DF022F4F633B008767DD /* CoreVideo.framework */,
				DA31DF032F4F633B008767DD /* CoreAudio.framework */,
				DA31DF042F4F633B008767DD /* AudioToolbox.framework */,
				DA31DF052F4F633B008767DD /* VideoToolbox.framework */,
				DA31DF062F4F633B008767DD /* CoreImage.framework */,
				DA31DF072F4F633B008767DD /* CoreText.framework */,
				DA31DF082F4F633B008767DD /* QuartzCore.framework */,
				DA31DF092F4F633B008767DD /* Accelerate.framework */,
				DA31DF0A2F4F633B008767DD /* Security.framework */,
				DA31DF0B2F4F633B008767DD /* SystemConfiguration.framework */,
				DA31DF0C2F4F633B008767DD /* libc++.tbd */,
				DA31DF0D2F4F633B008767DD /* libresolv.tbd */,
				DA31DF0E2F4F633B008767DD /* libxml2.tbd */,
				DA31DF0F2F4F633B008767DD /* libz.tbd */,
				DA31DF102F4F633B008767DD /* libbz2.tbd */,
				DA31DF112F4F633B008767DD /* libiconv.tbd */,
			);
			path = Frameworks;
			sourceTree = "<group>";
		};
/* End PBXGroup section */

/* Begin PBXNativeTarget section */
		DA31DD5B2F4F4375008767DD /* CinePlayer */ = {
			isa = PBXNativeTarget;
			buildConfigurationList = DA31DD6A2F4F4376008767DD /* Build configuration list for PBXNativeTarget "CinePlayer" */;
			buildPhases = (
				DA31DD582F4F4375008767DD /* Sources */,
				DA31DD592F4F4375008767DD /* Frameworks */,
				DA31DD5A2F4F4375008767DD /* Resources */,
				DA31DE012F4F633B008767DD /* Embed Frameworks */,
			);
			buildRules = (
			);
			dependencies = (
			);
			fileSystemSynchronizedGroups = (
				DA31DD5E2F4F4375008767DD /* CinePlayer */,
			);
			name = CinePlayer;
			packageProductDependencies = (
				DA88E0E82FA45A710028FD87 /* RifeMetal */,
				DAA4A0032FCB000100000001 /* Anime4KMetal */,
			);
			productName = CinePlayer;
			productReference = DA31DD5C2F4F4375008767DD /* CinePlayer.app */;
			productType = "com.apple.product-type.application";
		};
/* End PBXNativeTarget section */

/* Begin PBXProject section */
		DA31DD542F4F4375008767DD /* Project object */ = {
			isa = PBXProject;
			attributes = {
				BuildIndependentTargetsInParallel = 1;
				LastSwiftUpdateCheck = 2620;
				LastUpgradeCheck = 2630;
				TargetAttributes = {
					DA31DD5B2F4F4375008767DD = {
						CreatedOnToolsVersion = 26.2;
					};
				};
			};
			buildConfigurationList = DA31DD572F4F4375008767DD /* Build configuration list for PBXProject "CinePlayer" */;
			developmentRegion = "zh-Hans";
			hasScannedForEncodings = 0;
			knownRegions = (
				en,
				Base,
				"zh-Hans",
				ar,
				hr,
				"zh-Hant",
				ca,
				cs,
				da,
				fi,
				fr,
				de,
				he,
				hi,
				it,
				ja,
				ko,
				pl,
				"pt-BR",
				hu,
				id,
				ro,
				ru,
				uk,
				th,
				tr,
				vi,
				es,
				nl,
			);
			mainGroup = DA31DD532F4F4375008767DD;
			minimizedProjectReferenceProxies = 1;
			packageReferences = (
				DA88E0E72FA45A710028FD87 /* XCRemoteSwiftPackageReference "rife-metal" */,
				DAA4A0022FCB000100000001 /* XCRemoteSwiftPackageReference "anime4k-metal" */,
			);
			preferredProjectObjectVersion = 77;
			productRefGroup = DA31DD5D2F4F4375008767DD /* Products */;
			projectDirPath = "";
			projectRoot = "";
			targets = (
				DA31DD5B2F4F4375008767DD /* CinePlayer */,
			);
		};
/* End PBXProject section */

/* Begin PBXResourcesBuildPhase section */
		DA31DD5A2F4F4375008767DD /* Resources */ = {
			isa = PBXResourcesBuildPhase;
			buildActionMask = 2147483647;
			files = (
			);
			runOnlyForDeploymentPostprocessing = 0;
		};
/* End PBXResourcesBuildPhase section */

/* Begin PBXSourcesBuildPhase section */
		DA31DD582F4F4375008767DD /* Sources */ = {
			isa = PBXSourcesBuildPhase;
			buildActionMask = 2147483647;
			files = (
			);
			runOnlyForDeploymentPostprocessing = 0;
		};
/* End PBXSourcesBuildPhase section */

/* Begin XCBuildConfiguration section */
		DA31DD6B2F4F4376008767DD /* Debug */ = {
			isa = XCBuildConfiguration;
			buildSettings = {
				ASSETCATALOG_COMPILER_APPICON_NAME = AppIcon;
				"ASSETCATALOG_COMPILER_APPICON_NAME[sdk=appletvos*]" = "App Icon & Top Shelf Image";
				"ASSETCATALOG_COMPILER_APPICON_NAME[sdk=appletvsimulator*]" = "App Icon & Top Shelf Image";
				CODE_SIGN_STYLE = Automatic;
				CURRENT_PROJECT_VERSION = 1;
				DEAD_CODE_STRIPPING = YES;
				DEVELOPMENT_TEAM = 5AJ2RL8W58;
				ENABLE_APP_SANDBOX = YES;
				ENABLE_HARDENED_RUNTIME = YES;
				ENABLE_INCOMING_NETWORK_CONNECTIONS = NO;
				ENABLE_OUTGOING_NETWORK_CONNECTIONS = YES;
				ENABLE_PREVIEWS = YES;
				ENABLE_RESOURCE_ACCESS_AUDIO_INPUT = NO;
				ENABLE_RESOURCE_ACCESS_BLUETOOTH = NO;
				ENABLE_RESOURCE_ACCESS_CALENDARS = NO;
				ENABLE_RESOURCE_ACCESS_CAMERA = NO;
				ENABLE_RESOURCE_ACCESS_CONTACTS = NO;
				ENABLE_RESOURCE_ACCESS_LOCATION = NO;
				ENABLE_RESOURCE_ACCESS_PRINTING = NO;
				ENABLE_RESOURCE_ACCESS_USB = NO;
				ENABLE_USER_SELECTED_FILES = readonly;
				"EXCLUDED_ARCHS[sdk=xrsimulator*]" = x86_64;
				FRAMEWORK_SEARCH_PATHS = (
					"$(inherited)",
					"$(SRCROOT)/Frameworks",
				);
				GENERATE_INFOPLIST_FILE = YES;
				INFOPLIST_FILE = CinePlayer/Info.plist;
				INFOPLIST_KEY_CFBundleDisplayName = CinePlayer;
				INFOPLIST_KEY_ITSAppUsesNonExemptEncryption = NO;
				INFOPLIST_KEY_LSApplicationCategoryType = "public.app-category.video";
				INFOPLIST_KEY_LSSupportsOpeningDocumentsInPlace = YES;
				"INFOPLIST_KEY_UIApplicationSceneManifest_Generation[sdk=iphoneos*]" = YES;
				"INFOPLIST_KEY_UIApplicationSceneManifest_Generation[sdk=iphonesimulator*]" = YES;
				"INFOPLIST_KEY_UIApplicationSupportsIndirectInputEvents[sdk=iphoneos*]" = YES;
				"INFOPLIST_KEY_UIApplicationSupportsIndirectInputEvents[sdk=iphonesimulator*]" = YES;
				"INFOPLIST_KEY_UILaunchScreen_Generation[sdk=iphoneos*]" = YES;
				"INFOPLIST_KEY_UILaunchScreen_Generation[sdk=iphonesimulator*]" = YES;
				"INFOPLIST_KEY_UIStatusBarStyle[sdk=iphoneos*]" = UIStatusBarStyleDefault;
				"INFOPLIST_KEY_UIStatusBarStyle[sdk=iphonesimulator*]" = UIStatusBarStyleDefault;
				INFOPLIST_KEY_UISupportedInterfaceOrientations_iPad = "UIInterfaceOrientationPortrait UIInterfaceOrientationPortraitUpsideDown UIInterfaceOrientationLandscapeLeft UIInterfaceOrientationLandscapeRight";
				INFOPLIST_KEY_UISupportedInterfaceOrientations_iPhone = "UIInterfaceOrientationPortrait UIInterfaceOrientationLandscapeLeft UIInterfaceOrientationLandscapeRight";
				IPHONEOS_DEPLOYMENT_TARGET = 17.0;
				LD_RUNPATH_SEARCH_PATHS = "@executable_path/Frameworks";
				"LD_RUNPATH_SEARCH_PATHS[sdk=macosx*]" = "@executable_path/../Frameworks";
				MACOSX_DEPLOYMENT_TARGET = 14.0;
				MARKETING_VERSION = 1.0.0;
				OTHER_LDFLAGS = (
					"$(inherited)",
					"-ObjC",
				);
				PRODUCT_BUNDLE_IDENTIFIER = cn.com.cinemore.cineplayer;
				PRODUCT_NAME = "$(TARGET_NAME)";
				REGISTER_APP_GROUPS = YES;
				SDKROOT = auto;
				STRING_CATALOG_GENERATE_SYMBOLS = YES;
				SUPPORTED_PLATFORMS = "appletvos appletvsimulator iphoneos iphonesimulator macosx xros xrsimulator";
				SUPPORTS_MACCATALYST = NO;
				SWIFT_APPROACHABLE_CONCURRENCY = YES;
				SWIFT_DEFAULT_ACTOR_ISOLATION = MainActor;
				SWIFT_EMIT_LOC_STRINGS = YES;
				SWIFT_INCLUDE_PATHS = "$(SRCROOT)/Frameworks";
				SWIFT_STRICT_CONCURRENCY = complete;
				SWIFT_UPCOMING_FEATURE_MEMBER_IMPORT_VISIBILITY = YES;
				SWIFT_VERSION = 6.0;
				TARGETED_DEVICE_FAMILY = "1,2,3,7";
				TVOS_DEPLOYMENT_TARGET = 17.0;
				XROS_DEPLOYMENT_TARGET = 26.0;
			};
			name = Debug;
		};
		DA31DD6C2F4F4376008767DD /* Release */ = {
			isa = XCBuildConfiguration;
			buildSettings = {
				ASSETCATALOG_COMPILER_APPICON_NAME = AppIcon;
				"ASSETCATALOG_COMPILER_APPICON_NAME[sdk=appletvos*]" = "App Icon & Top Shelf Image";
				"ASSETCATALOG_COMPILER_APPICON_NAME[sdk=appletvsimulator*]" = "App Icon & Top Shelf Image";
				CODE_SIGN_STYLE = Automatic;
				CURRENT_PROJECT_VERSION = 1;
				DEAD_CODE_STRIPPING = YES;
				DEVELOPMENT_TEAM = 5AJ2RL8W58;
				ENABLE_APP_SANDBOX = YES;
				ENABLE_HARDENED_RUNTIME = YES;
				ENABLE_INCOMING_NETWORK_CONNECTIONS = NO;
				ENABLE_OUTGOING_NETWORK_CONNECTIONS = YES;
				ENABLE_PREVIEWS = YES;
				ENABLE_RESOURCE_ACCESS_AUDIO_INPUT = NO;
				ENABLE_RESOURCE_ACCESS_BLUETOOTH = NO;
				ENABLE_RESOURCE_ACCESS_CALENDARS = NO;
				ENABLE_RESOURCE_ACCESS_CAMERA = NO;
				ENABLE_RESOURCE_ACCESS_CONTACTS = NO;
				ENABLE_RESOURCE_ACCESS_LOCATION = NO;
				ENABLE_RESOURCE_ACCESS_PRINTING = NO;
				ENABLE_RESOURCE_ACCESS_USB = NO;
				ENABLE_USER_SELECTED_FILES = readonly;
				"EXCLUDED_ARCHS[sdk=xrsimulator*]" = x86_64;
				FRAMEWORK_SEARCH_PATHS = (
					"$(inherited)",
					"$(SRCROOT)/Frameworks",
				);
				GENERATE_INFOPLIST_FILE = YES;
				INFOPLIST_FILE = CinePlayer/Info.plist;
				INFOPLIST_KEY_CFBundleDisplayName = CinePlayer;
				INFOPLIST_KEY_ITSAppUsesNonExemptEncryption = NO;
				INFOPLIST_KEY_LSApplicationCategoryType = "public.app-category.video";
				INFOPLIST_KEY_LSSupportsOpeningDocumentsInPlace = YES;
				"INFOPLIST_KEY_UIApplicationSceneManifest_Generation[sdk=iphoneos*]" = YES;
				"INFOPLIST_KEY_UIApplicationSceneManifest_Generation[sdk=iphonesimulator*]" = YES;
				"INFOPLIST_KEY_UIApplicationSupportsIndirectInputEvents[sdk=iphoneos*]" = YES;
				"INFOPLIST_KEY_UIApplicationSupportsIndirectInputEvents[sdk=iphonesimulator*]" = YES;
				"INFOPLIST_KEY_UILaunchScreen_Generation[sdk=iphoneos*]" = YES;
				"INFOPLIST_KEY_UILaunchScreen_Generation[sdk=iphonesimulator*]" = YES;
				"INFOPLIST_KEY_UIStatusBarStyle[sdk=iphoneos*]" = UIStatusBarStyleDefault;
				"INFOPLIST_KEY_UIStatusBarStyle[sdk=iphonesimulator*]" = UIStatusBarStyleDefault;
				INFOPLIST_KEY_UISupportedInterfaceOrientations_iPad = "UIInterfaceOrientationPortrait UIInterfaceOrientationPortraitUpsideDown UIInterfaceOrientationLandscapeLeft UIInterfaceOrientationLandscapeRight";
				INFOPLIST_KEY_UISupportedInterfaceOrientations_iPhone = "UIInterfaceOrientationPortrait UIInterfaceOrientationLandscapeLeft UIInterfaceOrientationLandscapeRight";
				IPHONEOS_DEPLOYMENT_TARGET = 17.0;
				LD_RUNPATH_SEARCH_PATHS = "@executable_path/Frameworks";
				"LD_RUNPATH_SEARCH_PATHS[sdk=macosx*]" = "@executable_path/../Frameworks";
				MACOSX_DEPLOYMENT_TARGET = 14.0;
				MARKETING_VERSION = 1.0.0;
				OTHER_LDFLAGS = (
					"$(inherited)",
					"-ObjC",
				);
				PRODUCT_BUNDLE_IDENTIFIER = cn.com.cinemore.cineplayer;
				PRODUCT_NAME = "$(TARGET_NAME)";
				REGISTER_APP_GROUPS = YES;
				SDKROOT = auto;
				STRING_CATALOG_GENERATE_SYMBOLS = YES;
				SUPPORTED_PLATFORMS = "appletvos appletvsimulator iphoneos iphonesimulator macosx xros xrsimulator";
				SUPPORTS_MACCATALYST = NO;
				SWIFT_APPROACHABLE_CONCURRENCY = YES;
				SWIFT_DEFAULT_ACTOR_ISOLATION = MainActor;
				SWIFT_EMIT_LOC_STRINGS = YES;
				SWIFT_INCLUDE_PATHS = "$(SRCROOT)/Frameworks";
				SWIFT_STRICT_CONCURRENCY = complete;
				SWIFT_UPCOMING_FEATURE_MEMBER_IMPORT_VISIBILITY = YES;
				SWIFT_VERSION = 6.0;
				TARGETED_DEVICE_FAMILY = "1,2,3,7";
				TVOS_DEPLOYMENT_TARGET = 17.0;
				XROS_DEPLOYMENT_TARGET = 26.0;
			};
			name = Release;
		};
		DA31DD6D2F4F4376008767DD /* Debug */ = {
			isa = XCBuildConfiguration;
			buildSettings = {
				ALWAYS_SEARCH_USER_PATHS = NO;
				ASSETCATALOG_COMPILER_GENERATE_SWIFT_ASSET_SYMBOL_EXTENSIONS = YES;
				CLANG_ANALYZER_LOCALIZABILITY_NONLOCALIZED = YES;
				CLANG_ANALYZER_NONNULL = YES;
				CLANG_ANALYZER_NUMBER_OBJECT_CONVERSION = YES_AGGRESSIVE;
				CLANG_CXX_LANGUAGE_STANDARD = "gnu++20";
				CLANG_ENABLE_MODULES = YES;
				CLANG_ENABLE_OBJC_ARC = YES;
				CLANG_ENABLE_OBJC_WEAK = YES;
				CLANG_WARN_BLOCK_CAPTURE_AUTORELEASING = YES;
				CLANG_WARN_BOOL_CONVERSION = YES;
				CLANG_WARN_COMMA = YES;
				CLANG_WARN_CONSTANT_CONVERSION = YES;
				CLANG_WARN_DEPRECATED_OBJC_IMPLEMENTATIONS = YES;
				CLANG_WARN_DIRECT_OBJC_ISA_USAGE = YES_ERROR;
				CLANG_WARN_DOCUMENTATION_COMMENTS = YES;
				CLANG_WARN_EMPTY_BODY = YES;
				CLANG_WARN_ENUM_CONVERSION = YES;
				CLANG_WARN_INFINITE_RECURSION = YES;
				CLANG_WARN_INT_CONVERSION = YES;
				CLANG_WARN_NON_LITERAL_NULL_CONVERSION = YES;
				CLANG_WARN_OBJC_IMPLICIT_RETAIN_SELF = YES;
				CLANG_WARN_OBJC_LITERAL_CONVERSION = YES;
				CLANG_WARN_OBJC_ROOT_CLASS = YES_ERROR;
				CLANG_WARN_QUOTED_INCLUDE_IN_FRAMEWORK_HEADER = YES;
				CLANG_WARN_RANGE_LOOP_ANALYSIS = YES;
				CLANG_WARN_STRICT_PROTOTYPES = YES;
				CLANG_WARN_SUSPICIOUS_MOVE = YES;
				CLANG_WARN_UNGUARDED_AVAILABILITY = YES_AGGRESSIVE;
				CLANG_WARN_UNREACHABLE_CODE = YES;
				CLANG_WARN__DUPLICATE_METHOD_MATCH = YES;
				COPY_PHASE_STRIP = NO;
				DEAD_CODE_STRIPPING = YES;
				DEBUG_INFORMATION_FORMAT = dwarf;
				DEVELOPMENT_TEAM = 5AJ2RL8W58;
				ENABLE_STRICT_OBJC_MSGSEND = YES;
				ENABLE_TESTABILITY = YES;
				ENABLE_USER_SCRIPT_SANDBOXING = YES;
				GCC_C_LANGUAGE_STANDARD = gnu17;
				GCC_DYNAMIC_NO_PIC = NO;
				GCC_NO_COMMON_BLOCKS = YES;
				GCC_OPTIMIZATION_LEVEL = 0;
				GCC_PREPROCESSOR_DEFINITIONS = (
					"DEBUG=1",
					"$(inherited)",
				);
				GCC_WARN_64_TO_32_BIT_CONVERSION = YES;
				GCC_WARN_ABOUT_RETURN_TYPE = YES_ERROR;
				GCC_WARN_UNDECLARED_SELECTOR = YES;
				GCC_WARN_UNINITIALIZED_AUTOS = YES_AGGRESSIVE;
				GCC_WARN_UNUSED_FUNCTION = YES;
				GCC_WARN_UNUSED_VARIABLE = YES;
				LOCALIZATION_PREFERS_STRING_CATALOGS = YES;
				MTL_ENABLE_DEBUG_INFO = INCLUDE_SOURCE;
				MTL_FAST_MATH = YES;
				ONLY_ACTIVE_ARCH = YES;
				STRING_CATALOG_GENERATE_SYMBOLS = YES;
				SWIFT_ACTIVE_COMPILATION_CONDITIONS = "DEBUG $(inherited)";
				SWIFT_EMIT_LOC_STRINGS = YES;
				SWIFT_OPTIMIZATION_LEVEL = "-Onone";
			};
			name = Debug;
		};
		DA31DD6E2F4F4376008767DD /* Release */ = {
			isa = XCBuildConfiguration;
			buildSettings = {
				ALWAYS_SEARCH_USER_PATHS = NO;
				ASSETCATALOG_COMPILER_GENERATE_SWIFT_ASSET_SYMBOL_EXTENSIONS = YES;
				CLANG_ANALYZER_LOCALIZABILITY_NONLOCALIZED = YES;
				CLANG_ANALYZER_NONNULL = YES;
				CLANG_ANALYZER_NUMBER_OBJECT_CONVERSION = YES_AGGRESSIVE;
				CLANG_CXX_LANGUAGE_STANDARD = "gnu++20";
				CLANG_ENABLE_MODULES = YES;
				CLANG_ENABLE_OBJC_ARC = YES;
				CLANG_ENABLE_OBJC_WEAK = YES;
				CLANG_WARN_BLOCK_CAPTURE_AUTORELEASING = YES;
				CLANG_WARN_BOOL_CONVERSION = YES;
				CLANG_WARN_COMMA = YES;
				CLANG_WARN_CONSTANT_CONVERSION = YES;
				CLANG_WARN_DEPRECATED_OBJC_IMPLEMENTATIONS = YES;
				CLANG_WARN_DIRECT_OBJC_ISA_USAGE = YES_ERROR;
				CLANG_WARN_DOCUMENTATION_COMMENTS = YES;
				CLANG_WARN_EMPTY_BODY = YES;
				CLANG_WARN_ENUM_CONVERSION = YES;
				CLANG_WARN_INFINITE_RECURSION = YES;
				CLANG_WARN_INT_CONVERSION = YES;
				CLANG_WARN_NON_LITERAL_NULL_CONVERSION = YES;
				CLANG_WARN_OBJC_IMPLICIT_RETAIN_SELF = YES;
				CLANG_WARN_OBJC_LITERAL_CONVERSION = YES;
				CLANG_WARN_OBJC_ROOT_CLASS = YES_ERROR;
				CLANG_WARN_QUOTED_INCLUDE_IN_FRAMEWORK_HEADER = YES;
				CLANG_WARN_RANGE_LOOP_ANALYSIS = YES;
				CLANG_WARN_STRICT_PROTOTYPES = YES;
				CLANG_WARN_SUSPICIOUS_MOVE = YES;
				CLANG_WARN_UNGUARDED_AVAILABILITY = YES_AGGRESSIVE;
				CLANG_WARN_UNREACHABLE_CODE = YES;
				CLANG_WARN__DUPLICATE_METHOD_MATCH = YES;
				COPY_PHASE_STRIP = NO;
				DEAD_CODE_STRIPPING = YES;
				DEBUG_INFORMATION_FORMAT = "dwarf-with-dsym";
				DEVELOPMENT_TEAM = 5AJ2RL8W58;
				ENABLE_NS_ASSERTIONS = NO;
				ENABLE_STRICT_OBJC_MSGSEND = YES;
				ENABLE_USER_SCRIPT_SANDBOXING = YES;
				GCC_C_LANGUAGE_STANDARD = gnu17;
				GCC_NO_COMMON_BLOCKS = YES;
				GCC_WARN_64_TO_32_BIT_CONVERSION = YES;
				GCC_WARN_ABOUT_RETURN_TYPE = YES_ERROR;
				GCC_WARN_UNDECLARED_SELECTOR = YES;
				GCC_WARN_UNINITIALIZED_AUTOS = YES_AGGRESSIVE;
				GCC_WARN_UNUSED_FUNCTION = YES;
				GCC_WARN_UNUSED_VARIABLE = YES;
				LOCALIZATION_PREFERS_STRING_CATALOGS = YES;
				MTL_ENABLE_DEBUG_INFO = NO;
				MTL_FAST_MATH = YES;
				STRING_CATALOG_GENERATE_SYMBOLS = YES;
				SWIFT_COMPILATION_MODE = wholemodule;
				SWIFT_EMIT_LOC_STRINGS = YES;
			};
			name = Release;
		};
/* End XCBuildConfiguration section */

/* Begin XCConfigurationList section */
		DA31DD572F4F4375008767DD /* Build configuration list for PBXProject "CinePlayer" */ = {
			isa = XCConfigurationList;
			buildConfigurations = (
				DA31DD6D2F4F4376008767DD /* Debug */,
				DA31DD6E2F4F4376008767DD /* Release */,
			);
			defaultConfigurationIsVisible = 0;
			defaultConfigurationName = Release;
		};
		DA31DD6A2F4F4376008767DD /* Build configuration list for PBXNativeTarget "CinePlayer" */ = {
			isa = XCConfigurationList;
			buildConfigurations = (
				DA31DD6B2F4F4376008767DD /* Debug */,
				DA31DD6C2F4F4376008767DD /* Release */,
			);
			defaultConfigurationIsVisible = 0;
			defaultConfigurationName = Release;
		};
/* End XCConfigurationList section */

/* Begin XCRemoteSwiftPackageReference section */
		DA88E0E72FA45A710028FD87 /* XCRemoteSwiftPackageReference "rife-metal" */ = {
			isa = XCRemoteSwiftPackageReference;
			repositoryURL = "git@github.com:cinemore/rife-metal.git";
			requirement = {
				branch = main;
				kind = branch;
			};
		};
		DAA4A0022FCB000100000001 /* XCRemoteSwiftPackageReference "anime4k-metal" */ = {
			isa = XCRemoteSwiftPackageReference;
			repositoryURL = "git@github.com:cinemore/anime4k-metal.git";
			requirement = {
				branch = main;
				kind = branch;
			};
		};
/* End XCRemoteSwiftPackageReference section */

/* Begin XCSwiftPackageProductDependency section */
		DA88E0E82FA45A710028FD87 /* RifeMetal */ = {
			isa = XCSwiftPackageProductDependency;
			package = DA88E0E72FA45A710028FD87 /* XCRemoteSwiftPackageReference "rife-metal" */;
			productName = RifeMetal;
		};
		DAA4A0032FCB000100000001 /* Anime4KMetal */ = {
			isa = XCSwiftPackageProductDependency;
			package = DAA4A0022FCB000100000001 /* XCRemoteSwiftPackageReference "anime4k-metal" */;
			productName = Anime4KMetal;
		};
/* End XCSwiftPackageProductDependency section */
	};
	rootObject = DA31DD542F4F4375008767DD /* Project object */;
}
