{
  "originHash" : "d1860bb3f719c0f81c1cbb18c64367b8664a30836a02795f2844ec85b56d8d9c",
  "pins" : [
    {
      "identity" : "rife-metal",
      "kind" : "remoteSourceControl",
      "location" : "git@github.com:cinemore/rife-metal.git",
      "state" : {
        "branch" : "main",
        "revision" : "728d28e9c0ac963dabda2f5b20210167a63ec06b"
      }
    },
    {
      "identity" : "swift-argument-parser",
      "kind" : "remoteSourceControl",
      "location" : "https://github.com/apple/swift-argument-parser.git",
      "state" : {
        "revision" : "626b5b7b2f45e1b0b1c6f4a309296d1d21d7311b",
        "version" : "1.7.1"
      }
    }
  ],
  "version" : 3
}
